
Microsoft Visual Studio Solution File, Format Version 12.00
# Visual Studio 15
VisualStudioVersion = 15.0.28307.1062
MinimumVisualStudioVersion = 10.0.40219.1
Project("{FAE04EC0-301F-11D3-BF4B-00C04F79EFBC}") = "CaseReviewApp", "CaseReviewApp\CaseReviewApp.csproj", "{94EA0833-4B17-42EE-A8E5-18E8458FF037}"
EndProject
Global
	GlobalSection(SolutionConfigurationPlatforms) = preSolution
		Debug|Any CPU = Debug|Any CPU
		Release|Any CPU = Release|Any CPU
	EndGlobalSection
	GlobalSection(ProjectConfigurationPlatforms) = postSolution
		{94EA0833-4B17-42EE-A8E5-18E8458FF037}.Debug|Any CPU.ActiveCfg = Debug|Any CPU
		{94EA0833-4B17-42EE-A8E5-18E8458FF037}.Debug|Any CPU.Build.0 = Debug|Any CPU
		{94EA0833-4B17-42EE-A8E5-18E8458FF037}.Release|Any CPU.ActiveCfg = Release|Any CPU
		{94EA0833-4B17-42EE-A8E5-18E8458FF037}.Release|Any CPU.Build.0 = Release|Any CPU
	EndGlobalSection
	GlobalSection(SolutionProperties) = preSolution
		HideSolutionNode = FALSE
	EndGlobalSection
	GlobalSection(ExtensibilityGlobals) = postSolution
		SolutionGuid = {1A332FEF-2CF3-4E25-820B-766F0FF469A7}
	EndGlobalSection
EndGlobal
